
Microsoft Visual Studio Solution File, Format Version 12.00
# Visual Studio 15
VisualStudioVersion = 15.0.28307.1169
MinimumVisualStudioVersion = 10.0.40219.1
Project("{FAE04EC0-301F-11D3-BF4B-00C04F79EFBC}") = "ClientProxy-P4-20180140072", "ClientProxy-P4-20180140072\ClientProxy-P4-20180140072.csproj", "{2FC3F1A4-5ED7-48AA-B752-3AD11035E9F1}"
EndProject
Global
	GlobalSection(SolutionConfigurationPlatforms) = preSolution
		Debug|Any CPU = Debug|Any CPU
		Release|Any CPU = Release|Any CPU
	EndGlobalSection
	GlobalSection(ProjectConfigurationPlatforms) = postSolution
		{2FC3F1A4-5ED7-48AA-B752-3AD11035E9F1}.Debug|Any CPU.ActiveCfg = Debug|Any CPU
		{2FC3F1A4-5ED7-48AA-B752-3AD11035E9F1}.Debug|Any CPU.Build.0 = Debug|Any CPU
		{2FC3F1A4-5ED7-48AA-B752-3AD11035E9F1}.Release|Any CPU.ActiveCfg = Release|Any CPU
		{2FC3F1A4-5ED7-48AA-B752-3AD11035E9F1}.Release|Any CPU.Build.0 = Release|Any CPU
	EndGlobalSection
	GlobalSection(SolutionProperties) = preSolution
		HideSolutionNode = FALSE
	EndGlobalSection
	GlobalSection(ExtensibilityGlobals) = postSolution
		SolutionGuid = {6CA42934-EB07-4DAA-A93C-80BADDDA87C5}
	EndGlobalSection
EndGlobal
